
Microsoft Visual Studio Solution File, Format Version 12.00
# Visual Studio Version 17
VisualStudioVersion = 17.2.32616.157
MinimumVisualStudioVersion = 10.0.40219.1
Project("{FAE04EC0-301F-11D3-BF4B-00C04F79EFBC}") = "Business", "Business\Business.csproj", "{2BD0F2CB-ADF9-4EB2-A53D-7231950951FA}"
EndProject
Project("{FAE04EC0-301F-11D3-BF4B-00C04F79EFBC}") = "DataAccess", "DataAccess\DataAccess.csproj", "{15E96F55-E58F-4A6E-BB3C-A5728732A8CA}"
EndProject
Project("{FAE04EC0-301F-11D3-BF4B-00C04F79EFBC}") = "Entities", "Entities\Entities.csproj", "{1A8674C2-6840-4F87-B802-72CB76AFFD99}"
EndProject
Project("{FAE04EC0-301F-11D3-BF4B-00C04F79EFBC}") = "ConsoleUI", "ConsoleUI\ConsoleUI.csproj", "{1D0580D3-2877-447F-8453-E57B08A0E940}"
EndProject
Global
	GlobalSection(SolutionConfigurationPlatforms) = preSolution
		Debug|Any CPU = Debug|Any CPU
		Release|Any CPU = Release|Any CPU
	EndGlobalSection
	GlobalSection(ProjectConfigurationPlatforms) = postSolution
		{2BD0F2CB-ADF9-4EB2-A53D-7231950951FA}.Debug|Any CPU.ActiveCfg = Debug|Any CPU
		{2BD0F2CB-ADF9-4EB2-A53D-7231950951FA}.Debug|Any CPU.Build.0 = Debug|Any CPU
		{2BD0F2CB-ADF9-4EB2-A53D-7231950951FA}.Release|Any CPU.ActiveCfg = Release|Any CPU
		{2BD0F2CB-ADF9-4EB2-A53D-7231950951FA}.Release|Any CPU.Build.0 = Release|Any CPU
		{15E96F55-E58F-4A6E-BB3C-A5728732A8CA}.Debug|Any CPU.ActiveCfg = Debug|Any CPU
		{15E96F55-E58F-4A6E-BB3C-A5728732A8CA}.Debug|Any CPU.Build.0 = Debug|Any CPU
		{15E96F55-E58F-4A6E-BB3C-A5728732A8CA}.Release|Any CPU.ActiveCfg = Release|Any CPU
		{15E96F55-E58F-4A6E-BB3C-A5728732A8CA}.Release|Any CPU.Build.0 = Release|Any CPU
		{1A8674C2-6840-4F87-B802-72CB76AFFD99}.Debug|Any CPU.ActiveCfg = Debug|Any CPU
		{1A8674C2-6840-4F87-B802-72CB76AFFD99}.Debug|Any CPU.Build.0 = Debug|Any CPU
		{1A8674C2-6840-4F87-B802-72CB76AFFD99}.Release|Any CPU.ActiveCfg = Release|Any CPU
		{1A8674C2-6840-4F87-B802-72CB76AFFD99}.Release|Any CPU.Build.0 = Release|Any CPU
		{1D0580D3-2877-447F-8453-E57B08A0E940}.Debug|Any CPU.ActiveCfg = Debug|Any CPU
		{1D0580D3-2877-447F-8453-E57B08A0E940}.Debug|Any CPU.Build.0 = Debug|Any CPU
		{1D0580D3-2877-447F-8453-E57B08A0E940}.Release|Any CPU.ActiveCfg = Release|Any CPU
		{1D0580D3-2877-447F-8453-E57B08A0E940}.Release|Any CPU.Build.0 = Release|Any CPU
	EndGlobalSection
	GlobalSection(SolutionProperties) = preSolution
		HideSolutionNode = FALSE
	EndGlobalSection
	GlobalSection(ExtensibilityGlobals) = postSolution
		SolutionGuid = {AA3AA539-2BD0-4607-B8F1-BF23FC08870C}
	EndGlobalSection
EndGlobal
